
Microsoft Visual Studio Solution File, Format Version 12.00
# Visual Studio Version 17
VisualStudioVersion = 17.7.34031.279
MinimumVisualStudioVersion = 10.0.40219.1
Project("{FAE04EC0-301F-11D3-BF4B-00C04F79EFBC}") = "Constructors", "Constructors\Constructors.csproj", "{B54A8EEF-C60B-453D-A77D-0912E19618F7}"
EndProject
Global
	GlobalSection(SolutionConfigurationPlatforms) = preSolution
		Debug|Any CPU = Debug|Any CPU
		Release|Any CPU = Release|Any CPU
	EndGlobalSection
	GlobalSection(ProjectConfigurationPlatforms) = postSolution
		{B54A8EEF-C60B-453D-A77D-0912E19618F7}.Debug|Any CPU.ActiveCfg = Debug|Any CPU
		{B54A8EEF-C60B-453D-A77D-0912E19618F7}.Debug|Any CPU.Build.0 = Debug|Any CPU
		{B54A8EEF-C60B-453D-A77D-0912E19618F7}.Release|Any CPU.ActiveCfg = Release|Any CPU
		{B54A8EEF-C60B-453D-A77D-0912E19618F7}.Release|Any CPU.Build.0 = Release|Any CPU
	EndGlobalSection
	GlobalSection(SolutionProperties) = preSolution
		HideSolutionNode = FALSE
	EndGlobalSection
	GlobalSection(ExtensibilityGlobals) = postSolution
		SolutionGuid = {7A10B8E2-9845-4B2E-85D0-C2074AC49FE6}
	EndGlobalSection
EndGlobal
